
Microsoft Visual Studio Solution File, Format Version 12.00
# Visual Studio 14
VisualStudioVersion = 14.0.25123.0
MinimumVisualStudioVersion = 10.0.40219.1
Project("{FAE04EC0-301F-11D3-BF4B-00C04F79EFBC}") = "Safari", "Safari.csproj", "{AAD8F8FD-C605-4F7B-BEFA-99F2990D34BB}"
EndProject
Global
	GlobalSection(SolutionConfigurationPlatforms) = preSolution
		Debug|Any CPU = Debug|Any CPU
		Release|Any CPU = Release|Any CPU
	EndGlobalSection
	GlobalSection(ProjectConfigurationPlatforms) = postSolution
		{AAD8F8FD-C605-4F7B-BEFA-99F2990D34BB}.Debug|Any CPU.ActiveCfg = Debug|Any CPU
		{AAD8F8FD-C605-4F7B-BEFA-99F2990D34BB}.Debug|Any CPU.Build.0 = Debug|Any CPU
		{AAD8F8FD-C605-4F7B-BEFA-99F2990D34BB}.Release|Any CPU.ActiveCfg = Release|Any CPU
		{AAD8F8FD-C605-4F7B-BEFA-99F2990D34BB}.Release|Any CPU.Build.0 = Release|Any CPU
	EndGlobalSection
	GlobalSection(SolutionProperties) = preSolution
		HideSolutionNode = FALSE
	EndGlobalSection
EndGlobal
